// !$*UTF8*$!
{
	archiveVersion = 1;
	classes = {
	};
	objectVersion = 46;
	objects = {

/* Begin PBXBuildFile section */
		F52DF3FF1CD054AE00E527A9 /* AppDelegate.swift in Sources */ = {isa = PBXBuildFile; fileRef = F52DF3FE1CD054AE00E527A9 /* AppDelegate.swift */; };
		F52DF4011CD054AE00E527A9 /* CalculatorViewController.swift in Sources */ = {isa = PBXBuildFile; fileRef = F52DF4001CD054AE00E527A9 /* CalculatorViewController.swift */; };
		F52DF4041CD054AE00E527A9 /* Main.storyboard in Resources */ = {isa = PBXBuildFile; fileRef = F52DF4021CD054AE00E527A9 /* Main.storyboard */; };
		F52DF4061CD054AE00E527A9 /* Assets.xcassets in Resources */ = {isa = PBXBuildFile; fileRef = F52DF4051CD054AE00E527A9 /* Assets.xcassets */; };
		F52DF4091CD054AE00E527A9 /* LaunchScreen.storyboard in Resources */ = {isa = PBXBuildFile; fileRef = F52DF4071CD054AE00E527A9 /* LaunchScreen.storyboard */; };
		F5AB796B1CED5DE5000814D6 /* Calculator.swift in Sources */ = {isa = PBXBuildFile; fileRef = F5AB796A1CED5DE5000814D6 /* Calculator.swift */; };
/* End PBXBuildFile section */

/* Begin PBXFileReference section */
		F52DF3FB1CD054AE00E527A9 /* StanfordCalc.app */ = {isa = PBXFileReference; explicitFileType = wrapper.application; includeInIndex = 0; path = StanfordCalc.app; sourceTree = BUILT_PRODUCTS_DIR; };
		F52DF3FE1CD054AE00E527A9 /* AppDelegate.swift */ = {isa = PBXFileReference; lastKnownFileType = sourcecode.swift; path = AppDelegate.swift; sourceTree = "<group>"; };
		F52DF4001CD054AE00E527A9 /* CalculatorViewController.swift */ = {isa = PBXFileReference; lastKnownFileType = sourcecode.swift; path = CalculatorViewController.swift; sourceTree = "<group>"; };
		F52DF4031CD054AE00E527A9 /* Base */ = {isa = PBXFileReference; lastKnownFileType = file.storyboard; name = Base; path = Base.lproj/Main.storyboard; sourceTree = "<group>"; };
		F52DF4051CD054AE00E527A9 /* Assets.xcassets */ = {isa = PBXFileReference; lastKnownFileType = folder.assetcatalog; path = Assets.xcassets; sourceTree = "<group>"; };
		F52DF4081CD054AE00E527A9 /* Base */ = {isa = PBXFileReference; lastKnownFileType = file.storyboard; name = Base; path = Base.lproj/LaunchScreen.storyboard; sourceTree = "<group>"; };
		F52DF40A1CD054AE00E527A9 /* Info.plist */ = {isa = PBXFileReference; lastKnownFileType = text.plist.xml; path = Info.plist; sourceTree = "<group>"; };
		F5AB796A1CED5DE5000814D6 /* Calculator.swift */ = {isa = PBXFileReference; fileEncoding = 4; lastKnownFileType = sourcecode.swift; path = Calculator.swift; sourceTree = "<group>"; };
/* End PBXFileReference section */

/* Begin PBXFrameworksBuildPhase section */
		F52DF3F81CD054AE00E527A9 /* Frameworks */ = {
			isa = PBXFrameworksBuildPhase;
			buildActionMask = 2147483647;
			files = (
			);
			runOnlyForDeploymentPostprocessing = 0;
		};
/* End PBXFrameworksBuildPhase section */

/* Begin PBXGroup section */
		F52DF3F21CD054AE00E527A9 = {
			isa = PBXGroup;
			children = (
				F52DF3FD1CD054AE00E527A9 /* StanfordCalc */,
				F52DF3FC1CD054AE00E527A9 /* Products */,
			);
			sourceTree = "<group>";
		};
		F52DF3FC1CD054AE00E527A9 /* Products */ = {
			isa = PBXGroup;
			children = (
				F52DF3FB1CD054AE00E527A9 /* StanfordCalc.app */,
			);
			name = Products;
			sourceTree = "<group>";
		};
		F52DF3FD1CD054AE00E527A9 /* StanfordCalc */ = {
			isa = PBXGroup;
			children = (
				F52DF3FE1CD054AE00E527A9 /* AppDelegate.swift */,
				F52DF4001CD054AE00E527A9 /* CalculatorViewController.swift */,
				F52DF4021CD054AE00E527A9 /* Main.storyboard */,
				F5AB796A1CED5DE5000814D6 /* Calculator.swift */,
				F52DF4101CD054CA00E527A9 /* Supporting FIles */,
				F52DF40A1CD054AE00E527A9 /* Info.plist */,
			);
			path = StanfordCalc;
			sourceTree = "<group>";
		};
		F52DF4101CD054CA00E527A9 /* Supporting FIles */ = {
			isa = PBXGroup;
			children = (
				F52DF4051CD054AE00E527A9 /* Assets.xcassets */,
				F52DF4071CD054AE00E527A9 /* LaunchScreen.storyboard */,
			);
			name = "Supporting FIles";
			sourceTree = "<group>";
		};
/* End PBXGroup section */

/* Begin PBXNativeTarget section */
		F52DF3FA1CD054AE00E527A9 /* StanfordCalc */ = {
			isa = PBXNativeTarget;
			buildConfigurationList = F52DF40D1CD054AE00E527A9 /* Build configuration list for PBXNativeTarget "StanfordCalc" */;
			buildPhases = (
				F52DF3F71CD054AE00E527A9 /* Sources */,
				F52DF3F81CD054AE00E527A9 /* Frameworks */,
				F52DF3F91CD054AE00E527A9 /* Resources */,
			);
			buildRules = (
			);
			dependencies = (
			);
			name = StanfordCalc;
			productName = StanfordCalc;
			productReference = F52DF3FB1CD054AE00E527A9 /* StanfordCalc.app */;
			productType = "com.apple.product-type.application";
		};
/* End PBXNativeTarget section */

/* Begin PBXProject section */
		F52DF3F31CD054AE00E527A9 /* Project object */ = {
			isa = PBXProject;
			attributes = {
				LastSwiftUpdateCheck = 0730;
				LastUpgradeCheck = 0730;
				ORGANIZATIONNAME = "Micaela Neus";
				TargetAttributes = {
					F52DF3FA1CD054AE00E527A9 = {
						CreatedOnToolsVersion = 7.3;
						DevelopmentTeam = UJ68MNXLW5;
					};
				};
			};
			buildConfigurationList = F52DF3F61CD054AE00E527A9 /* Build configuration list for PBXProject "StanfordCalc" */;
			compatibilityVersion = "Xcode 3.2";
			developmentRegion = English;
			hasScannedForEncodings = 0;
			knownRegions = (
				en,
				Base,
			);
			mainGroup = F52DF3F21CD054AE00E527A9;
			productRefGroup = F52DF3FC1CD054AE00E527A9 /* Products */;
			projectDirPath = "";
			projectRoot = "";
			targets = (
				F52DF3FA1CD054AE00E527A9 /* StanfordCalc */,
			);
		};
/* End PBXProject section */

/* Begin PBXResourcesBuildPhase section */
		F52DF3F91CD054AE00E527A9 /* Resources */ = {
			isa = PBXResourcesBuildPhase;
			buildActionMask = 2147483647;
			files = (
				F52DF4091CD054AE00E527A9 /* LaunchScreen.storyboard in Resources */,
				F52DF4061CD054AE00E527A9 /* Assets.xcassets in Resources */,
				F52DF4041CD054AE00E527A9 /* Main.storyboard in Resources */,
			);
			runOnlyForDeploymentPostprocessing = 0;
		};
/* End PBXResourcesBuildPhase section */

/* Begin PBXSourcesBuildPhase section */
		F52DF3F71CD054AE00E527A9 /* Sources */ = {
			isa = PBXSourcesBuildPhase;
			buildActionMask = 2147483647;
			files = (
				F52DF4011CD054AE00E527A9 /* CalculatorViewController.swift in Sources */,
				F52DF3FF1CD054AE00E527A9 /* AppDelegate.swift in Sources */,
				F5AB796B1CED5DE5000814D6 /* Calculator.swift in Sources */,
			);
			runOnlyForDeploymentPostprocessing = 0;
		};
/* End PBXSourcesBuildPhase section */

/* Begin PBXVariantGroup section */
		F52DF4021CD054AE00E527A9 /* Main.storyboard */ = {
			isa = PBXVariantGroup;
			children = (
				F52DF4031CD054AE00E527A9 /* Base */,
			);
			name = Main.storyboard;
			sourceTree = "<group>";
		};
		F52DF4071CD054AE00E527A9 /* LaunchScreen.storyboard */ = {
			isa = PBXVariantGroup;
			children = (
				F52DF4081CD054AE00E527A9 /* Base */,
			);
			name = LaunchScreen.storyboard;
			sourceTree = "<group>";
		};
/* End PBXVariantGroup section */

/* Begin XCBuildConfiguration section */
		F52DF40B1CD054AE00E527A9 /* Debug */ = {
			isa = XCBuildConfiguration;
			buildSettings = {
				ALWAYS_SEARCH_USER_PATHS = NO;
				CLANG_ANALYZER_NONNULL = YES;
				CLANG_CXX_LANGUAGE_STANDARD = "gnu++0x";
				CLANG_CXX_LIBRARY = "libc++";
				CLANG_ENABLE_MODULES = YES;
				CLANG_ENABLE_OBJC_ARC = YES;
				CLANG_WARN_BOOL_CONVERSION = YES;
				CLANG_WARN_CONSTANT_CONVERSION = YES;
				CLANG_WARN_DIRECT_OBJC_ISA_USAGE = YES_ERROR;
				CLANG_WARN_EMPTY_BODY = YES;
				CLANG_WARN_ENUM_CONVERSION = YES;
				CLANG_WARN_INT_CONVERSION = YES;
				CLANG_WARN_OBJC_ROOT_CLASS = YES_ERROR;
				CLANG_WARN_UNREACHABLE_CODE = YES;
				CLANG_WARN__DUPLICATE_METHOD_MATCH = YES;
				"CODE_SIGN_IDENTITY[sdk=iphoneos*]" = "iPhone Developer";
				COPY_PHASE_STRIP = NO;
				DEBUG_INFORMATION_FORMAT = dwarf;
				ENABLE_STRICT_OBJC_MSGSEND = YES;
				ENABLE_TESTABILITY = YES;
				GCC_C_LANGUAGE_STANDARD = gnu99;
				GCC_DYNAMIC_NO_PIC = NO;
				GCC_NO_COMMON_BLOCKS = YES;
				GCC_OPTIMIZATION_LEVEL = 0;
				GCC_PREPROCESSOR_DEFINITIONS = (
					"DEBUG=1",
					"$(inherited)",
				);
				GCC_WARN_64_TO_32_BIT_CONVERSION = YES;
				GCC_WARN_ABOUT_RETURN_TYPE = YES_ERROR;
				GCC_WARN_UNDECLARED_SELECTOR = YES;
				GCC_WARN_UNINITIALIZED_AUTOS = YES_AGGRESSIVE;
				GCC_WARN_UNUSED_FUNCTION = YES;
				GCC_WARN_UNUSED_VARIABLE = YES;
				IPHONEOS_DEPLOYMENT_TARGET = 9.3;
				MTL_ENABLE_DEBUG_INFO = YES;
				ONLY_ACTIVE_ARCH = YES;
				SDKROOT = iphoneos;
				SWIFT_OPTIMIZATION_LEVEL = "-Onone";
				TARGETED_DEVICE_FAMILY = "1,2";
			};
			name = Debug;
		};
		F52DF40C1CD054AE00E527A9 /* Release */ = {
			isa = XCBuildConfiguration;
			buildSettings = {
				ALWAYS_SEARCH_USER_PATHS = NO;
				CLANG_ANALYZER_NONNULL = YES;
				CLANG_CXX_LANGUAGE_STANDARD = "gnu++0x";
				CLANG_CXX_LIBRARY = "libc++";
				CLANG_ENABLE_MODULES = YES;
				CLANG_ENABLE_OBJC_ARC = YES;
				CLANG_WARN_BOOL_CONVERSION = YES;
				CLANG_WARN_CONSTANT_CONVERSION = YES;
				CLANG_WARN_DIRECT_OBJC_ISA_USAGE = YES_ERROR;
				CLANG_WARN_EMPTY_BODY = YES;
				CLANG_WARN_ENUM_CONVERSION = YES;
				CLANG_WARN_INT_CONVERSION = YES;
				CLANG_WARN_OBJC_ROOT_CLASS = YES_ERROR;
				CLANG_WARN_UNREACHABLE_CODE = YES;
				CLANG_WARN__DUPLICATE_METHOD_MATCH = YES;
				"CODE_SIGN_IDENTITY[sdk=iphoneos*]" = "iPhone Developer";
				COPY_PHASE_STRIP = NO;
				DEBUG_INFORMATION_FORMAT = "dwarf-with-dsym";
				ENABLE_NS_ASSERTIONS = NO;
				ENABLE_STRICT_OBJC_MSGSEND = YES;
				GCC_C_LANGUAGE_STANDARD = gnu99;
				GCC_NO_COMMON_BLOCKS = YES;
				GCC_WARN_64_TO_32_BIT_CONVERSION = YES;
				GCC_WARN_ABOUT_RETURN_TYPE = YES_ERROR;
				GCC_WARN_UNDECLARED_SELECTOR = YES;
				GCC_WARN_UNINITIALIZED_AUTOS = YES_AGGRESSIVE;
				GCC_WARN_UNUSED_FUNCTION = YES;
				GCC_WARN_UNUSED_VARIABLE = YES;
				IPHONEOS_DEPLOYMENT_TARGET = 9.3;
				MTL_ENABLE_DEBUG_INFO = NO;
				SDKROOT = iphoneos;
				TARGETED_DEVICE_FAMILY = "1,2";
				VALIDATE_PRODUCT = YES;
			};
			name = Release;
		};
		F52DF40E1CD054AE00E527A9 /* Debug */ = {
			isa = XCBuildConfiguration;
			buildSettings = {
				ASSETCATALOG_COMPILER_APPICON_NAME = AppIcon;
				INFOPLIST_FILE = StanfordCalc/Info.plist;
				LD_RUNPATH_SEARCH_PATHS = "$(inherited) @executable_path/Frameworks";
				PRODUCT_BUNDLE_IDENTIFIER = tools.convivial.StanfordCalc;
				PRODUCT_NAME = "$(TARGET_NAME)";
			};
			name = Debug;
		};
		F52DF40F1CD054AE00E527A9 /* Release */ = {
			isa = XCBuildConfiguration;
			buildSettings = {
				ASSETCATALOG_COMPILER_APPICON_NAME = AppIcon;
				INFOPLIST_FILE = StanfordCalc/Info.plist;
				LD_RUNPATH_SEARCH_PATHS = "$(inherited) @executable_path/Frameworks";
				PRODUCT_BUNDLE_IDENTIFIER = tools.convivial.StanfordCalc;
				PRODUCT_NAME = "$(TARGET_NAME)";
			};
			name = Release;
		};
/* End XCBuildConfiguration section */

/* Begin XCConfigurationList section */
		F52DF3F61CD054AE00E527A9 /* Build configuration list for PBXProject "StanfordCalc" */ = {
			isa = XCConfigurationList;
			buildConfigurations = (
				F52DF40B1CD054AE00E527A9 /* Debug */,
				F52DF40C1CD054AE00E527A9 /* Release */,
			);
			defaultConfigurationIsVisible = 0;
			defaultConfigurationName = Release;
		};
		F52DF40D1CD054AE00E527A9 /* Build configuration list for PBXNativeTarget "StanfordCalc" */ = {
			isa = XCConfigurationList;
			buildConfigurations = (
				F52DF40E1CD054AE00E527A9 /* Debug */,
				F52DF40F1CD054AE00E527A9 /* Release */,
			);
			defaultConfigurationIsVisible = 0;
			defaultConfigurationName = Release;
		};
/* End XCConfigurationList section */
	};
	rootObject = F52DF3F31CD054AE00E527A9 /* Project object */;
}
